
Microsoft Visual Studio Solution File, Format Version 12.00
# Visual Studio Version 17
VisualStudioVersion = 17.2.32630.192
MinimumVisualStudioVersion = 10.0.40219.1
Project("{FAE04EC0-301F-11D3-BF4B-00C04F79EFBC}") = "Core", "Core\Core.csproj", "{2485318B-6288-4789-B34A-041666987795}"
EndProject
Project("{FAE04EC0-301F-11D3-BF4B-00C04F79EFBC}") = "DataAccess", "DataAccess\DataAccess.csproj", "{7CA5E47D-F55C-4348-89E7-B11F916D9538}"
EndProject
Project("{FAE04EC0-301F-11D3-BF4B-00C04F79EFBC}") = "Business", "Business\Business.csproj", "{28BAAE3F-416F-48C6-B395-9E864104D7A6}"
EndProject
Project("{FAE04EC0-301F-11D3-BF4B-00C04F79EFBC}") = "Entities", "Entities\Entities.csproj", "{FFED4AE0-BB55-4CD0-81BF-1F9B301F20AE}"
EndProject
Project("{FAE04EC0-301F-11D3-BF4B-00C04F79EFBC}") = "WebAPI", "WebAPI\WebAPI.csproj", "{10AE1389-1C8D-42BC-B80D-2EA0336A4DB1}"
EndProject
Global
	GlobalSection(SolutionConfigurationPlatforms) = preSolution
		Debug|Any CPU = Debug|Any CPU
		Release|Any CPU = Release|Any CPU
	EndGlobalSection
	GlobalSection(ProjectConfigurationPlatforms) = postSolution
		{2485318B-6288-4789-B34A-041666987795}.Debug|Any CPU.ActiveCfg = Debug|Any CPU
		{2485318B-6288-4789-B34A-041666987795}.Debug|Any CPU.Build.0 = Debug|Any CPU
		{2485318B-6288-4789-B34A-041666987795}.Release|Any CPU.ActiveCfg = Release|Any CPU
		{2485318B-6288-4789-B34A-041666987795}.Release|Any CPU.Build.0 = Release|Any CPU
		{7CA5E47D-F55C-4348-89E7-B11F916D9538}.Debug|Any CPU.ActiveCfg = Debug|Any CPU
		{7CA5E47D-F55C-4348-89E7-B11F916D9538}.Debug|Any CPU.Build.0 = Debug|Any CPU
		{7CA5E47D-F55C-4348-89E7-B11F916D9538}.Release|Any CPU.ActiveCfg = Release|Any CPU
		{7CA5E47D-F55C-4348-89E7-B11F916D9538}.Release|Any CPU.Build.0 = Release|Any CPU
		{28BAAE3F-416F-48C6-B395-9E864104D7A6}.Debug|Any CPU.ActiveCfg = Debug|Any CPU
		{28BAAE3F-416F-48C6-B395-9E864104D7A6}.Debug|Any CPU.Build.0 = Debug|Any CPU
		{28BAAE3F-416F-48C6-B395-9E864104D7A6}.Release|Any CPU.ActiveCfg = Release|Any CPU
		{28BAAE3F-416F-48C6-B395-9E864104D7A6}.Release|Any CPU.Build.0 = Release|Any CPU
		{FFED4AE0-BB55-4CD0-81BF-1F9B301F20AE}.Debug|Any CPU.ActiveCfg = Debug|Any CPU
		{FFED4AE0-BB55-4CD0-81BF-1F9B301F20AE}.Debug|Any CPU.Build.0 = Debug|Any CPU
		{FFED4AE0-BB55-4CD0-81BF-1F9B301F20AE}.Release|Any CPU.ActiveCfg = Release|Any CPU
		{FFED4AE0-BB55-4CD0-81BF-1F9B301F20AE}.Release|Any CPU.Build.0 = Release|Any CPU
		{10AE1389-1C8D-42BC-B80D-2EA0336A4DB1}.Debug|Any CPU.ActiveCfg = Debug|Any CPU
		{10AE1389-1C8D-42BC-B80D-2EA0336A4DB1}.Debug|Any CPU.Build.0 = Debug|Any CPU
		{10AE1389-1C8D-42BC-B80D-2EA0336A4DB1}.Release|Any CPU.ActiveCfg = Release|Any CPU
		{10AE1389-1C8D-42BC-B80D-2EA0336A4DB1}.Release|Any CPU.Build.0 = Release|Any CPU
	EndGlobalSection
	GlobalSection(SolutionProperties) = preSolution
		HideSolutionNode = FALSE
	EndGlobalSection
	GlobalSection(ExtensibilityGlobals) = postSolution
		SolutionGuid = {2DF63422-3F5A-4788-AD5F-AF4DBAE9CEC2}
	EndGlobalSection
EndGlobal
